
Microsoft Visual Studio Solution File, Format Version 12.00
# Visual Studio Version 17
VisualStudioVersion = 17.12.35728.132 d17.12
MinimumVisualStudioVersion = 10.0.40219.1
Project("{2150E333-8FDC-42A3-9474-1A3956D46DE8}") = "Src", "Src", "{5D01D8A6-4F21-450F-9AA5-F62E18C8A343}"
EndProject
Project("{2150E333-8FDC-42A3-9474-1A3956D46DE8}") = "Test", "Test", "{EF265220-B2F8-4AE5-8D48-C768922BDD4F}"
EndProject
Project("{FAE04EC0-301F-11D3-BF4B-00C04F79EFBC}") = "SmartRetry", "SmartRetry\SmartRetry.csproj", "{B7E463BD-7639-49AB-949C-53D2C2491FA6}"
EndProject
Project("{FAE04EC0-301F-11D3-BF4B-00C04F79EFBC}") = "SmartRetry.Test", "SmartRetry.Test\SmartRetry.Test.csproj", "{9ECEFF3C-2ABA-4B6A-9DC8-2FA2E8E5A5E3}"
EndProject
Global
	GlobalSection(SolutionConfigurationPlatforms) = preSolution
		Debug|Any CPU = Debug|Any CPU
		Release|Any CPU = Release|Any CPU
	EndGlobalSection
	GlobalSection(ProjectConfigurationPlatforms) = postSolution
		{B7E463BD-7639-49AB-949C-53D2C2491FA6}.Debug|Any CPU.ActiveCfg = Debug|Any CPU
		{B7E463BD-7639-49AB-949C-53D2C2491FA6}.Debug|Any CPU.Build.0 = Debug|Any CPU
		{B7E463BD-7639-49AB-949C-53D2C2491FA6}.Release|Any CPU.ActiveCfg = Release|Any CPU
		{B7E463BD-7639-49AB-949C-53D2C2491FA6}.Release|Any CPU.Build.0 = Release|Any CPU
		{9ECEFF3C-2ABA-4B6A-9DC8-2FA2E8E5A5E3}.Debug|Any CPU.ActiveCfg = Debug|Any CPU
		{9ECEFF3C-2ABA-4B6A-9DC8-2FA2E8E5A5E3}.Debug|Any CPU.Build.0 = Debug|Any CPU
		{9ECEFF3C-2ABA-4B6A-9DC8-2FA2E8E5A5E3}.Release|Any CPU.ActiveCfg = Release|Any CPU
		{9ECEFF3C-2ABA-4B6A-9DC8-2FA2E8E5A5E3}.Release|Any CPU.Build.0 = Release|Any CPU
	EndGlobalSection
	GlobalSection(SolutionProperties) = preSolution
		HideSolutionNode = FALSE
	EndGlobalSection
	GlobalSection(NestedProjects) = preSolution
		{B7E463BD-7639-49AB-949C-53D2C2491FA6} = {5D01D8A6-4F21-450F-9AA5-F62E18C8A343}
		{9ECEFF3C-2ABA-4B6A-9DC8-2FA2E8E5A5E3} = {EF265220-B2F8-4AE5-8D48-C768922BDD4F}
	EndGlobalSection
EndGlobal
